// !$*UTF8*$!
{
	archiveVersion = 1;
	classes = {
	};
	objectVersion = 46;
	objects = {

/* Begin PBXBuildFile section */
		34B95C3A1B3D4868004CD9A4 /* left@2x.png in Resources */ = {isa = PBXBuildFile; fileRef = 34B95C391B3D4868004CD9A4 /* left@2x.png */; };
		34B95C3D1B3D4922004CD9A4 /* AllMovieViewController.m in Sources */ = {isa = PBXBuildFile; fileRef = 34B95C3C1B3D4922004CD9A4 /* AllMovieViewController.m */; };
		34B95C401B3D4957004CD9A4 /* SpecificViewController.m in Sources */ = {isa = PBXBuildFile; fileRef = 34B95C3F1B3D4957004CD9A4 /* SpecificViewController.m */; };
		34B95C431B3D49A3004CD9A4 /* ClassifyViewController.m in Sources */ = {isa = PBXBuildFile; fileRef = 34B95C421B3D49A3004CD9A4 /* ClassifyViewController.m */; };
		34C0CB541B3C295200B323C2 /* main.m in Sources */ = {isa = PBXBuildFile; fileRef = 34C0CB531B3C295200B323C2 /* main.m */; };
		34C0CB571B3C295200B323C2 /* AppDelegate.m in Sources */ = {isa = PBXBuildFile; fileRef = 34C0CB561B3C295200B323C2 /* AppDelegate.m */; };
		34C0CB5D1B3C295200B323C2 /* Main.storyboard in Resources */ = {isa = PBXBuildFile; fileRef = 34C0CB5B1B3C295200B323C2 /* Main.storyboard */; };
		34C0CB5F1B3C295200B323C2 /* Images.xcassets in Resources */ = {isa = PBXBuildFile; fileRef = 34C0CB5E1B3C295200B323C2 /* Images.xcassets */; };
		34C0CB621B3C295200B323C2 /* LaunchScreen.xib in Resources */ = {isa = PBXBuildFile; fileRef = 34C0CB601B3C295200B323C2 /* LaunchScreen.xib */; };
		34C0CB6E1B3C295200B323C2 /* AProjectTests.m in Sources */ = {isa = PBXBuildFile; fileRef = 34C0CB6D1B3C295200B323C2 /* AProjectTests.m */; };
		34D2AE8B1B3D6A2400AEDDE8 /* ClassfyView.m in Sources */ = {isa = PBXBuildFile; fileRef = 34D2AE8A1B3D6A2400AEDDE8 /* ClassfyView.m */; };
/* End PBXBuildFile section */

/* Begin PBXContainerItemProxy section */
		34C0CB681B3C295200B323C2 /* PBXContainerItemProxy */ = {
			isa = PBXContainerItemProxy;
			containerPortal = 34C0CB461B3C295200B323C2 /* Project object */;
			proxyType = 1;
			remoteGlobalIDString = 34C0CB4D1B3C295200B323C2;
			remoteInfo = AProject;
		};
/* End PBXContainerItemProxy section */

/* Begin PBXFileReference section */
		34B95C391B3D4868004CD9A4 /* left@2x.png */ = {isa = PBXFileReference; lastKnownFileType = image.png; path = "left@2x.png"; sourceTree = "<group>"; };
		34B95C3B1B3D4922004CD9A4 /* AllMovieViewController.h */ = {isa = PBXFileReference; fileEncoding = 4; lastKnownFileType = sourcecode.c.h; path = AllMovieViewController.h; sourceTree = "<group>"; };
		34B95C3C1B3D4922004CD9A4 /* AllMovieViewController.m */ = {isa = PBXFileReference; fileEncoding = 4; lastKnownFileType = sourcecode.c.objc; path = AllMovieViewController.m; sourceTree = "<group>"; };
		34B95C3E1B3D4957004CD9A4 /* SpecificViewController.h */ = {isa = PBXFileReference; fileEncoding = 4; lastKnownFileType = sourcecode.c.h; path = SpecificViewController.h; sourceTree = "<group>"; };
		34B95C3F1B3D4957004CD9A4 /* SpecificViewController.m */ = {isa = PBXFileReference; fileEncoding = 4; lastKnownFileType = sourcecode.c.objc; path = SpecificViewController.m; sourceTree = "<group>"; };
		34B95C411B3D49A3004CD9A4 /* ClassifyViewController.h */ = {isa = PBXFileReference; fileEncoding = 4; lastKnownFileType = sourcecode.c.h; path = ClassifyViewController.h; sourceTree = "<group>"; };
		34B95C421B3D49A3004CD9A4 /* ClassifyViewController.m */ = {isa = PBXFileReference; fileEncoding = 4; lastKnownFileType = sourcecode.c.objc; path = ClassifyViewController.m; sourceTree = "<group>"; };
		34B95C441B3D55CF004CD9A4 /* PrefixHeader.pch */ = {isa = PBXFileReference; fileEncoding = 4; lastKnownFileType = sourcecode.c.h; path = PrefixHeader.pch; sourceTree = "<group>"; };
		34C0CB4E1B3C295200B323C2 /* AProject.app */ = {isa = PBXFileReference; explicitFileType = wrapper.application; includeInIndex = 0; path = AProject.app; sourceTree = BUILT_PRODUCTS_DIR; };
		34C0CB521B3C295200B323C2 /* Info.plist */ = {isa = PBXFileReference; lastKnownFileType = text.plist.xml; path = Info.plist; sourceTree = "<group>"; };
		34C0CB531B3C295200B323C2 /* main.m */ = {isa = PBXFileReference; lastKnownFileType = sourcecode.c.objc; path = main.m; sourceTree = "<group>"; };
		34C0CB551B3C295200B323C2 /* AppDelegate.h */ = {isa = PBXFileReference; lastKnownFileType = sourcecode.c.h; path = AppDelegate.h; sourceTree = "<group>"; };
		34C0CB561B3C295200B323C2 /* AppDelegate.m */ = {isa = PBXFileReference; lastKnownFileType = sourcecode.c.objc; path = AppDelegate.m; sourceTree = "<group>"; };
		34C0CB5C1B3C295200B323C2 /* Base */ = {isa = PBXFileReference; lastKnownFileType = file.storyboard; name = Base; path = Base.lproj/Main.storyboard; sourceTree = "<group>"; };
		34C0CB5E1B3C295200B323C2 /* Images.xcassets */ = {isa = PBXFileReference; lastKnownFileType = folder.assetcatalog; path = Images.xcassets; sourceTree = "<group>"; };
		34C0CB611B3C295200B323C2 /* Base */ = {isa = PBXFileReference; lastKnownFileType = file.xib; name = Base; path = Base.lproj/LaunchScreen.xib; sourceTree = "<group>"; };
		34C0CB671B3C295200B323C2 /* AProjectTests.xctest */ = {isa = PBXFileReference; explicitFileType = wrapper.cfbundle; includeInIndex = 0; path = AProjectTests.xctest; sourceTree = BUILT_PRODUCTS_DIR; };
		34C0CB6C1B3C295200B323C2 /* Info.plist */ = {isa = PBXFileReference; lastKnownFileType = text.plist.xml; path = Info.plist; sourceTree = "<group>"; };
		34C0CB6D1B3C295200B323C2 /* AProjectTests.m */ = {isa = PBXFileReference; lastKnownFileType = sourcecode.c.objc; path = AProjectTests.m; sourceTree = "<group>"; };
		34D2AE891B3D6A2400AEDDE8 /* ClassfyView.h */ = {isa = PBXFileReference; fileEncoding = 4; lastKnownFileType = sourcecode.c.h; path = ClassfyView.h; sourceTree = "<group>"; };
		34D2AE8A1B3D6A2400AEDDE8 /* ClassfyView.m */ = {isa = PBXFileReference; fileEncoding = 4; lastKnownFileType = sourcecode.c.objc; path = ClassfyView.m; sourceTree = "<group>"; };
/* End PBXFileReference section */

/* Begin PBXFrameworksBuildPhase section */
		34C0CB4B1B3C295200B323C2 /* Frameworks */ = {
			isa = PBXFrameworksBuildPhase;
			buildActionMask = 2147483647;
			files = (
			);
			runOnlyForDeploymentPostprocessing = 0;
		};
		34C0CB641B3C295200B323C2 /* Frameworks */ = {
			isa = PBXFrameworksBuildPhase;
			buildActionMask = 2147483647;
			files = (
			);
			runOnlyForDeploymentPostprocessing = 0;
		};
/* End PBXFrameworksBuildPhase section */

/* Begin PBXGroup section */
		34B95C381B3D473A004CD9A4 /* 图片 */ = {
			isa = PBXGroup;
			children = (
				34B95C391B3D4868004CD9A4 /* left@2x.png */,
			);
			name = "图片";
			sourceTree = "<group>";
		};
		34C0CB451B3C295200B323C2 = {
			isa = PBXGroup;
			children = (
				34C0CB501B3C295200B323C2 /* AProject */,
				34C0CB6A1B3C295200B323C2 /* AProjectTests */,
				34C0CB4F1B3C295200B323C2 /* Products */,
			);
			sourceTree = "<group>";
		};
		34C0CB4F1B3C295200B323C2 /* Products */ = {
			isa = PBXGroup;
			children = (
				34C0CB4E1B3C295200B323C2 /* AProject.app */,
				34C0CB671B3C295200B323C2 /* AProjectTests.xctest */,
			);
			name = Products;
			sourceTree = "<group>";
		};
		34C0CB501B3C295200B323C2 /* AProject */ = {
			isa = PBXGroup;
			children = (
				34C0CB821B3C2ADB00B323C2 /* Vendors */,
				34C0CB811B3C2AC800B323C2 /* Supporting Files */,
				34C0CB801B3C2AB300B323C2 /* UserInterface */,
				34C0CB7F1B3C2AA000B323C2 /* Sections */,
				34C0CB7E1B3C2A9700B323C2 /* Resources */,
				34C0CB7D1B3C2A8E00B323C2 /* Models */,
				34C0CB7C1B3C2A8700B323C2 /* Macro */,
				34C0CB7B1B3C2A7E00B323C2 /* Helpers */,
				34C0CB7A1B3C2A7400B323C2 /* General */,
				34C0CB791B3C2A5D00B323C2 /* AppDelegate */,
				34C0CB551B3C295200B323C2 /* AppDelegate.h */,
				34C0CB561B3C295200B323C2 /* AppDelegate.m */,
				34B95C441B3D55CF004CD9A4 /* PrefixHeader.pch */,
				34B95C3B1B3D4922004CD9A4 /* AllMovieViewController.h */,
				34B95C3C1B3D4922004CD9A4 /* AllMovieViewController.m */,
				34B95C3E1B3D4957004CD9A4 /* SpecificViewController.h */,
				34B95C3F1B3D4957004CD9A4 /* SpecificViewController.m */,
				34B95C411B3D49A3004CD9A4 /* ClassifyViewController.h */,
				34B95C421B3D49A3004CD9A4 /* ClassifyViewController.m */,
				34D2AE891B3D6A2400AEDDE8 /* ClassfyView.h */,
				34D2AE8A1B3D6A2400AEDDE8 /* ClassfyView.m */,
				34C0CB5B1B3C295200B323C2 /* Main.storyboard */,
				34C0CB5E1B3C295200B323C2 /* Images.xcassets */,
				34C0CB601B3C295200B323C2 /* LaunchScreen.xib */,
				34C0CB511B3C295200B323C2 /* Supporting Files */,
			);
			path = AProject;
			sourceTree = "<group>";
		};
		34C0CB511B3C295200B323C2 /* Supporting Files */ = {
			isa = PBXGroup;
			children = (
				34C0CB521B3C295200B323C2 /* Info.plist */,
				34C0CB531B3C295200B323C2 /* main.m */,
			);
			name = "Supporting Files";
			sourceTree = "<group>";
		};
		34C0CB6A1B3C295200B323C2 /* AProjectTests */ = {
			isa = PBXGroup;
			children = (
				34C0CB6D1B3C295200B323C2 /* AProjectTests.m */,
				34C0CB6B1B3C295200B323C2 /* Supporting Files */,
			);
			path = AProjectTests;
			sourceTree = "<group>";
		};
		34C0CB6B1B3C295200B323C2 /* Supporting Files */ = {
			isa = PBXGroup;
			children = (
				34C0CB6C1B3C295200B323C2 /* Info.plist */,
			);
			name = "Supporting Files";
			sourceTree = "<group>";
		};
		34C0CB791B3C2A5D00B323C2 /* AppDelegate */ = {
			isa = PBXGroup;
			children = (
			);
			name = AppDelegate;
			sourceTree = "<group>";
		};
		34C0CB7A1B3C2A7400B323C2 /* General */ = {
			isa = PBXGroup;
			children = (
			);
			name = General;
			sourceTree = "<group>";
		};
		34C0CB7B1B3C2A7E00B323C2 /* Helpers */ = {
			isa = PBXGroup;
			children = (
			);
			name = Helpers;
			sourceTree = "<group>";
		};
		34C0CB7C1B3C2A8700B323C2 /* Macro */ = {
			isa = PBXGroup;
			children = (
			);
			name = Macro;
			sourceTree = "<group>";
		};
		34C0CB7D1B3C2A8E00B323C2 /* Models */ = {
			isa = PBXGroup;
			children = (
			);
			name = Models;
			sourceTree = "<group>";
		};
		34C0CB7E1B3C2A9700B323C2 /* Resources */ = {
			isa = PBXGroup;
			children = (
				34B95C381B3D473A004CD9A4 /* 图片 */,
			);
			name = Resources;
			sourceTree = "<group>";
		};
		34C0CB7F1B3C2AA000B323C2 /* Sections */ = {
			isa = PBXGroup;
			children = (
				34C0CB851B3C2B2300B323C2 /* Advise */,
				34C0CB841B3C2B1D00B323C2 /* login */,
				34C0CB831B3C2AFF00B323C2 /* main  */,
			);
			name = Sections;
			sourceTree = "<group>";
		};
		34C0CB801B3C2AB300B323C2 /* UserInterface */ = {
			isa = PBXGroup;
			children = (
			);
			name = UserInterface;
			sourceTree = "<group>";
		};
		34C0CB811B3C2AC800B323C2 /* Supporting Files */ = {
			isa = PBXGroup;
			children = (
			);
			name = "Supporting Files";
			sourceTree = "<group>";
		};
		34C0CB821B3C2ADB00B323C2 /* Vendors */ = {
			isa = PBXGroup;
			children = (
			);
			name = Vendors;
			sourceTree = "<group>";
		};
		34C0CB831B3C2AFF00B323C2 /* main  */ = {
			isa = PBXGroup;
			children = (
			);
			name = "main ";
			sourceTree = "<group>";
		};
		34C0CB841B3C2B1D00B323C2 /* login */ = {
			isa = PBXGroup;
			children = (
			);
			name = login;
			sourceTree = "<group>";
		};
		34C0CB851B3C2B2300B323C2 /* Advise */ = {
			isa = PBXGroup;
			children = (
			);
			name = Advise;
			sourceTree = "<group>";
		};
/* End PBXGroup section */

/* Begin PBXNativeTarget section */
		34C0CB4D1B3C295200B323C2 /* AProject */ = {
			isa = PBXNativeTarget;
			buildConfigurationList = 34C0CB711B3C295200B323C2 /* Build configuration list for PBXNativeTarget "AProject" */;
			buildPhases = (
				34C0CB4A1B3C295200B323C2 /* Sources */,
				34C0CB4B1B3C295200B323C2 /* Frameworks */,
				34C0CB4C1B3C295200B323C2 /* Resources */,
			);
			buildRules = (
			);
			dependencies = (
			);
			name = AProject;
			productName = AProject;
			productReference = 34C0CB4E1B3C295200B323C2 /* AProject.app */;
			productType = "com.apple.product-type.application";
		};
		34C0CB661B3C295200B323C2 /* AProjectTests */ = {
			isa = PBXNativeTarget;
			buildConfigurationList = 34C0CB741B3C295200B323C2 /* Build configuration list for PBXNativeTarget "AProjectTests" */;
			buildPhases = (
				34C0CB631B3C295200B323C2 /* Sources */,
				34C0CB641B3C295200B323C2 /* Frameworks */,
				34C0CB651B3C295200B323C2 /* Resources */,
			);
			buildRules = (
			);
			dependencies = (
				34C0CB691B3C295200B323C2 /* PBXTargetDependency */,
			);
			name = AProjectTests;
			productName = AProjectTests;
			productReference = 34C0CB671B3C295200B323C2 /* AProjectTests.xctest */;
			productType = "com.apple.product-type.bundle.unit-test";
		};
/* End PBXNativeTarget section */

/* Begin PBXProject section */
		34C0CB461B3C295200B323C2 /* Project object */ = {
			isa = PBXProject;
			attributes = {
				LastUpgradeCheck = 0610;
				ORGANIZATIONNAME = lanou;
				TargetAttributes = {
					34C0CB4D1B3C295200B323C2 = {
						CreatedOnToolsVersion = 6.1;
					};
					34C0CB661B3C295200B323C2 = {
						CreatedOnToolsVersion = 6.1;
						TestTargetID = 34C0CB4D1B3C295200B323C2;
					};
				};
			};
			buildConfigurationList = 34C0CB491B3C295200B323C2 /* Build configuration list for PBXProject "AProject" */;
			compatibilityVersion = "Xcode 3.2";
			developmentRegion = English;
			hasScannedForEncodings = 0;
			knownRegions = (
				en,
				Base,
			);
			mainGroup = 34C0CB451B3C295200B323C2;
			productRefGroup = 34C0CB4F1B3C295200B323C2 /* Products */;
			projectDirPath = "";
			projectRoot = "";
			targets = (
				34C0CB4D1B3C295200B323C2 /* AProject */,
				34C0CB661B3C295200B323C2 /* AProjectTests */,
			);
		};
/* End PBXProject section */

/* Begin PBXResourcesBuildPhase section */
		34C0CB4C1B3C295200B323C2 /* Resources */ = {
			isa = PBXResourcesBuildPhase;
			buildActionMask = 2147483647;
			files = (
				34C0CB5D1B3C295200B323C2 /* Main.storyboard in Resources */,
				34C0CB621B3C295200B323C2 /* LaunchScreen.xib in Resources */,
				34C0CB5F1B3C295200B323C2 /* Images.xcassets in Resources */,
				34B95C3A1B3D4868004CD9A4 /* left@2x.png in Resources */,
			);
			runOnlyForDeploymentPostprocessing = 0;
		};
		34C0CB651B3C295200B323C2 /* Resources */ = {
			isa = PBXResourcesBuildPhase;
			buildActionMask = 2147483647;
			files = (
			);
			runOnlyForDeploymentPostprocessing = 0;
		};
/* End PBXResourcesBuildPhase section */

/* Begin PBXSourcesBuildPhase section */
		34C0CB4A1B3C295200B323C2 /* Sources */ = {
			isa = PBXSourcesBuildPhase;
			buildActionMask = 2147483647;
			files = (
				34B95C431B3D49A3004CD9A4 /* ClassifyViewController.m in Sources */,
				34C0CB571B3C295200B323C2 /* AppDelegate.m in Sources */,
				34C0CB541B3C295200B323C2 /* main.m in Sources */,
				34B95C3D1B3D4922004CD9A4 /* AllMovieViewController.m in Sources */,
				34D2AE8B1B3D6A2400AEDDE8 /* ClassfyView.m in Sources */,
				34B95C401B3D4957004CD9A4 /* SpecificViewController.m in Sources */,
			);
			runOnlyForDeploymentPostprocessing = 0;
		};
		34C0CB631B3C295200B323C2 /* Sources */ = {
			isa = PBXSourcesBuildPhase;
			buildActionMask = 2147483647;
			files = (
				34C0CB6E1B3C295200B323C2 /* AProjectTests.m in Sources */,
			);
			runOnlyForDeploymentPostprocessing = 0;
		};
/* End PBXSourcesBuildPhase section */

/* Begin PBXTargetDependency section */
		34C0CB691B3C295200B323C2 /* PBXTargetDependency */ = {
			isa = PBXTargetDependency;
			target = 34C0CB4D1B3C295200B323C2 /* AProject */;
			targetProxy = 34C0CB681B3C295200B323C2 /* PBXContainerItemProxy */;
		};
/* End PBXTargetDependency section */

/* Begin PBXVariantGroup section */
		34C0CB5B1B3C295200B323C2 /* Main.storyboard */ = {
			isa = PBXVariantGroup;
			children = (
				34C0CB5C1B3C295200B323C2 /* Base */,
			);
			name = Main.storyboard;
			sourceTree = "<group>";
		};
		34C0CB601B3C295200B323C2 /* LaunchScreen.xib */ = {
			isa = PBXVariantGroup;
			children = (
				34C0CB611B3C295200B323C2 /* Base */,
			);
			name = LaunchScreen.xib;
			sourceTree = "<group>";
		};
/* End PBXVariantGroup section */

/* Begin XCBuildConfiguration section */
		34C0CB6F1B3C295200B323C2 /* Debug */ = {
			isa = XCBuildConfiguration;
			buildSettings = {
				ALWAYS_SEARCH_USER_PATHS = NO;
				CLANG_CXX_LANGUAGE_STANDARD = "gnu++0x";
				CLANG_CXX_LIBRARY = "libc++";
				CLANG_ENABLE_MODULES = YES;
				CLANG_ENABLE_OBJC_ARC = YES;
				CLANG_WARN_BOOL_CONVERSION = YES;
				CLANG_WARN_CONSTANT_CONVERSION = YES;
				CLANG_WARN_DIRECT_OBJC_ISA_USAGE = YES_ERROR;
				CLANG_WARN_EMPTY_BODY = YES;
				CLANG_WARN_ENUM_CONVERSION = YES;
				CLANG_WARN_INT_CONVERSION = YES;
				CLANG_WARN_OBJC_ROOT_CLASS = YES_ERROR;
				CLANG_WARN_UNREACHABLE_CODE = YES;
				CLANG_WARN__DUPLICATE_METHOD_MATCH = YES;
				"CODE_SIGN_IDENTITY[sdk=iphoneos*]" = "iPhone Developer";
				COPY_PHASE_STRIP = NO;
				ENABLE_STRICT_OBJC_MSGSEND = YES;
				GCC_C_LANGUAGE_STANDARD = gnu99;
				GCC_DYNAMIC_NO_PIC = NO;
				GCC_OPTIMIZATION_LEVEL = 0;
				GCC_PREPROCESSOR_DEFINITIONS = (
					"DEBUG=1",
					"$(inherited)",
				);
				GCC_SYMBOLS_PRIVATE_EXTERN = NO;
				GCC_WARN_64_TO_32_BIT_CONVERSION = YES;
				GCC_WARN_ABOUT_RETURN_TYPE = YES_ERROR;
				GCC_WARN_UNDECLARED_SELECTOR = YES;
				GCC_WARN_UNINITIALIZED_AUTOS = YES_AGGRESSIVE;
				GCC_WARN_UNUSED_FUNCTION = YES;
				GCC_WARN_UNUSED_VARIABLE = YES;
				IPHONEOS_DEPLOYMENT_TARGET = 8.1;
				MTL_ENABLE_DEBUG_INFO = YES;
				ONLY_ACTIVE_ARCH = YES;
				SDKROOT = iphoneos;
				TARGETED_DEVICE_FAMILY = "1,2";
			};
			name = Debug;
		};
		34C0CB701B3C295200B323C2 /* Release */ = {
			isa = XCBuildConfiguration;
			buildSettings = {
				ALWAYS_SEARCH_USER_PATHS = NO;
				CLANG_CXX_LANGUAGE_STANDARD = "gnu++0x";
				CLANG_CXX_LIBRARY = "libc++";
				CLANG_ENABLE_MODULES = YES;
				CLANG_ENABLE_OBJC_ARC = YES;
				CLANG_WARN_BOOL_CONVERSION = YES;
				CLANG_WARN_CONSTANT_CONVERSION = YES;
				CLANG_WARN_DIRECT_OBJC_ISA_USAGE = YES_ERROR;
				CLANG_WARN_EMPTY_BODY = YES;
				CLANG_WARN_ENUM_CONVERSION = YES;
				CLANG_WARN_INT_CONVERSION = YES;
				CLANG_WARN_OBJC_ROOT_CLASS = YES_ERROR;
				CLANG_WARN_UNREACHABLE_CODE = YES;
				CLANG_WARN__DUPLICATE_METHOD_MATCH = YES;
				"CODE_SIGN_IDENTITY[sdk=iphoneos*]" = "iPhone Developer";
				COPY_PHASE_STRIP = YES;
				ENABLE_NS_ASSERTIONS = NO;
				ENABLE_STRICT_OBJC_MSGSEND = YES;
				GCC_C_LANGUAGE_STANDARD = gnu99;
				GCC_WARN_64_TO_32_BIT_CONVERSION = YES;
				GCC_WARN_ABOUT_RETURN_TYPE = YES_ERROR;
				GCC_WARN_UNDECLARED_SELECTOR = YES;
				GCC_WARN_UNINITIALIZED_AUTOS = YES_AGGRESSIVE;
				GCC_WARN_UNUSED_FUNCTION = YES;
				GCC_WARN_UNUSED_VARIABLE = YES;
				IPHONEOS_DEPLOYMENT_TARGET = 8.1;
				MTL_ENABLE_DEBUG_INFO = NO;
				SDKROOT = iphoneos;
				TARGETED_DEVICE_FAMILY = "1,2";
				VALIDATE_PRODUCT = YES;
			};
			name = Release;
		};
		34C0CB721B3C295200B323C2 /* Debug */ = {
			isa = XCBuildConfiguration;
			buildSettings = {
				ASSETCATALOG_COMPILER_APPICON_NAME = AppIcon;
				CLANG_ENABLE_OBJC_ARC = NO;
				INFOPLIST_FILE = AProject/Info.plist;
				LD_RUNPATH_SEARCH_PATHS = "$(inherited) @executable_path/Frameworks";
				PRODUCT_NAME = "$(TARGET_NAME)";
			};
			name = Debug;
		};
		34C0CB731B3C295200B323C2 /* Release */ = {
			isa = XCBuildConfiguration;
			buildSettings = {
				ASSETCATALOG_COMPILER_APPICON_NAME = AppIcon;
				CLANG_ENABLE_OBJC_ARC = NO;
				INFOPLIST_FILE = AProject/Info.plist;
				LD_RUNPATH_SEARCH_PATHS = "$(inherited) @executable_path/Frameworks";
				PRODUCT_NAME = "$(TARGET_NAME)";
			};
			name = Release;
		};
		34C0CB751B3C295200B323C2 /* Debug */ = {
			isa = XCBuildConfiguration;
			buildSettings = {
				BUNDLE_LOADER = "$(TEST_HOST)";
				FRAMEWORK_SEARCH_PATHS = (
					"$(SDKROOT)/Developer/Library/Frameworks",
					"$(inherited)",
				);
				GCC_PREPROCESSOR_DEFINITIONS = (
					"DEBUG=1",
					"$(inherited)",
				);
				INFOPLIST_FILE = AProjectTests/Info.plist;
				LD_RUNPATH_SEARCH_PATHS = "$(inherited) @executable_path/Frameworks @loader_path/Frameworks";
				PRODUCT_NAME = "$(TARGET_NAME)";
				TEST_HOST = "$(BUILT_PRODUCTS_DIR)/AProject.app/AProject";
			};
			name = Debug;
		};
		34C0CB761B3C295200B323C2 /* Release */ = {
			isa = XCBuildConfiguration;
			buildSettings = {
				BUNDLE_LOADER = "$(TEST_HOST)";
				FRAMEWORK_SEARCH_PATHS = (
					"$(SDKROOT)/Developer/Library/Frameworks",
					"$(inherited)",
				);
				INFOPLIST_FILE = AProjectTests/Info.plist;
				LD_RUNPATH_SEARCH_PATHS = "$(inherited) @executable_path/Frameworks @loader_path/Frameworks";
				PRODUCT_NAME = "$(TARGET_NAME)";
				TEST_HOST = "$(BUILT_PRODUCTS_DIR)/AProject.app/AProject";
			};
			name = Release;
		};
/* End XCBuildConfiguration section */

/* Begin XCConfigurationList section */
		34C0CB491B3C295200B323C2 /* Build configuration list for PBXProject "AProject" */ = {
			isa = XCConfigurationList;
			buildConfigurations = (
				34C0CB6F1B3C295200B323C2 /* Debug */,
				34C0CB701B3C295200B323C2 /* Release */,
			);
			defaultConfigurationIsVisible = 0;
			defaultConfigurationName = Release;
		};
		34C0CB711B3C295200B323C2 /* Build configuration list for PBXNativeTarget "AProject" */ = {
			isa = XCConfigurationList;
			buildConfigurations = (
				34C0CB721B3C295200B323C2 /* Debug */,
				34C0CB731B3C295200B323C2 /* Release */,
			);
			defaultConfigurationIsVisible = 0;
			defaultConfigurationName = Release;
		};
		34C0CB741B3C295200B323C2 /* Build configuration list for PBXNativeTarget "AProjectTests" */ = {
			isa = XCConfigurationList;
			buildConfigurations = (
				34C0CB751B3C295200B323C2 /* Debug */,
				34C0CB761B3C295200B323C2 /* Release */,
			);
			defaultConfigurationIsVisible = 0;
			defaultConfigurationName = Release;
		};
/* End XCConfigurationList section */
	};
	rootObject = 34C0CB461B3C295200B323C2 /* Project object */;
}
